// !$*UTF8*$!
{
	archiveVersion = 1;
	classes = {
	};
	objectVersion = 46;
	objects = {

/* Begin PBXBuildFile section */
		213475361A8F051B00B841D7 /* AppDelegate.swift in Sources */ = {isa = PBXBuildFile; fileRef = 213475351A8F051B00B841D7 /* AppDelegate.swift */; };
		213475381A8F051B00B841D7 /* ViewController.swift in Sources */ = {isa = PBXBuildFile; fileRef = 213475371A8F051B00B841D7 /* ViewController.swift */; };
		2134753B1A8F051B00B841D7 /* Main.storyboard in Resources */ = {isa = PBXBuildFile; fileRef = 213475391A8F051B00B841D7 /* Main.storyboard */; };
		2134753D1A8F051B00B841D7 /* Images.xcassets in Resources */ = {isa = PBXBuildFile; fileRef = 2134753C1A8F051B00B841D7 /* Images.xcassets */; };
		213475401A8F051B00B841D7 /* LaunchScreen.xib in Resources */ = {isa = PBXBuildFile; fileRef = 2134753E1A8F051B00B841D7 /* LaunchScreen.xib */; };
		2134754C1A8F051B00B841D7 /* WebViewTrainingTests.swift in Sources */ = {isa = PBXBuildFile; fileRef = 2134754B1A8F051B00B841D7 /* WebViewTrainingTests.swift */; };
/* End PBXBuildFile section */

/* Begin PBXContainerItemProxy section */
		213475461A8F051B00B841D7 /* PBXContainerItemProxy */ = {
			isa = PBXContainerItemProxy;
			containerPortal = 213475281A8F051B00B841D7 /* Project object */;
			proxyType = 1;
			remoteGlobalIDString = 2134752F1A8F051B00B841D7;
			remoteInfo = WebViewTraining;
		};
/* End PBXContainerItemProxy section */

/* Begin PBXFileReference section */
		213475301A8F051B00B841D7 /* WebViewTraining.app */ = {isa = PBXFileReference; explicitFileType = wrapper.application; includeInIndex = 0; path = WebViewTraining.app; sourceTree = BUILT_PRODUCTS_DIR; };
		213475341A8F051B00B841D7 /* Info.plist */ = {isa = PBXFileReference; lastKnownFileType = text.plist.xml; path = Info.plist; sourceTree = "<group>"; };
		213475351A8F051B00B841D7 /* AppDelegate.swift */ = {isa = PBXFileReference; lastKnownFileType = sourcecode.swift; path = AppDelegate.swift; sourceTree = "<group>"; };
		213475371A8F051B00B841D7 /* ViewController.swift */ = {isa = PBXFileReference; lastKnownFileType = sourcecode.swift; path = ViewController.swift; sourceTree = "<group>"; };
		2134753A1A8F051B00B841D7 /* Base */ = {isa = PBXFileReference; lastKnownFileType = file.storyboard; name = Base; path = Base.lproj/Main.storyboard; sourceTree = "<group>"; };
		2134753C1A8F051B00B841D7 /* Images.xcassets */ = {isa = PBXFileReference; lastKnownFileType = folder.assetcatalog; path = Images.xcassets; sourceTree = "<group>"; };
		2134753F1A8F051B00B841D7 /* Base */ = {isa = PBXFileReference; lastKnownFileType = file.xib; name = Base; path = Base.lproj/LaunchScreen.xib; sourceTree = "<group>"; };
		213475451A8F051B00B841D7 /* WebViewTrainingTests.xctest */ = {isa = PBXFileReference; explicitFileType = wrapper.cfbundle; includeInIndex = 0; path = WebViewTrainingTests.xctest; sourceTree = BUILT_PRODUCTS_DIR; };
		2134754A1A8F051B00B841D7 /* Info.plist */ = {isa = PBXFileReference; lastKnownFileType = text.plist.xml; path = Info.plist; sourceTree = "<group>"; };
		2134754B1A8F051B00B841D7 /* WebViewTrainingTests.swift */ = {isa = PBXFileReference; lastKnownFileType = sourcecode.swift; path = WebViewTrainingTests.swift; sourceTree = "<group>"; };
/* End PBXFileReference section */

/* Begin PBXFrameworksBuildPhase section */
		2134752D1A8F051B00B841D7 /* Frameworks */ = {
			isa = PBXFrameworksBuildPhase;
			buildActionMask = 2147483647;
			files = (
			);
			runOnlyForDeploymentPostprocessing = 0;
		};
		213475421A8F051B00B841D7 /* Frameworks */ = {
			isa = PBXFrameworksBuildPhase;
			buildActionMask = 2147483647;
			files = (
			);
			runOnlyForDeploymentPostprocessing = 0;
		};
/* End PBXFrameworksBuildPhase section */

/* Begin PBXGroup section */
		213475271A8F051B00B841D7 = {
			isa = PBXGroup;
			children = (
				213475321A8F051B00B841D7 /* WebViewTraining */,
				213475481A8F051B00B841D7 /* WebViewTrainingTests */,
				213475311A8F051B00B841D7 /* Products */,
			);
			sourceTree = "<group>";
		};
		213475311A8F051B00B841D7 /* Products */ = {
			isa = PBXGroup;
			children = (
				213475301A8F051B00B841D7 /* WebViewTraining.app */,
				213475451A8F051B00B841D7 /* WebViewTrainingTests.xctest */,
			);
			name = Products;
			sourceTree = "<group>";
		};
		213475321A8F051B00B841D7 /* WebViewTraining */ = {
			isa = PBXGroup;
			children = (
				213475351A8F051B00B841D7 /* AppDelegate.swift */,
				213475371A8F051B00B841D7 /* ViewController.swift */,
				213475391A8F051B00B841D7 /* Main.storyboard */,
				2134753C1A8F051B00B841D7 /* Images.xcassets */,
				2134753E1A8F051B00B841D7 /* LaunchScreen.xib */,
				213475331A8F051B00B841D7 /* Supporting Files */,
			);
			path = WebViewTraining;
			sourceTree = "<group>";
		};
		213475331A8F051B00B841D7 /* Supporting Files */ = {
			isa = PBXGroup;
			children = (
				213475341A8F051B00B841D7 /* Info.plist */,
			);
			name = "Supporting Files";
			sourceTree = "<group>";
		};
		213475481A8F051B00B841D7 /* WebViewTrainingTests */ = {
			isa = PBXGroup;
			children = (
				2134754B1A8F051B00B841D7 /* WebViewTrainingTests.swift */,
				213475491A8F051B00B841D7 /* Supporting Files */,
			);
			path = WebViewTrainingTests;
			sourceTree = "<group>";
		};
		213475491A8F051B00B841D7 /* Supporting Files */ = {
			isa = PBXGroup;
			children = (
				2134754A1A8F051B00B841D7 /* Info.plist */,
			);
			name = "Supporting Files";
			sourceTree = "<group>";
		};
/* End PBXGroup section */

/* Begin PBXNativeTarget section */
		2134752F1A8F051B00B841D7 /* WebViewTraining */ = {
			isa = PBXNativeTarget;
			buildConfigurationList = 2134754F1A8F051B00B841D7 /* Build configuration list for PBXNativeTarget "WebViewTraining" */;
			buildPhases = (
				2134752C1A8F051B00B841D7 /* Sources */,
				2134752D1A8F051B00B841D7 /* Frameworks */,
				2134752E1A8F051B00B841D7 /* Resources */,
			);
			buildRules = (
			);
			dependencies = (
			);
			name = WebViewTraining;
			productName = WebViewTraining;
			productReference = 213475301A8F051B00B841D7 /* WebViewTraining.app */;
			productType = "com.apple.product-type.application";
		};
		213475441A8F051B00B841D7 /* WebViewTrainingTests */ = {
			isa = PBXNativeTarget;
			buildConfigurationList = 213475521A8F051B00B841D7 /* Build configuration list for PBXNativeTarget "WebViewTrainingTests" */;
			buildPhases = (
				213475411A8F051B00B841D7 /* Sources */,
				213475421A8F051B00B841D7 /* Frameworks */,
				213475431A8F051B00B841D7 /* Resources */,
			);
			buildRules = (
			);
			dependencies = (
				213475471A8F051B00B841D7 /* PBXTargetDependency */,
			);
			name = WebViewTrainingTests;
			productName = WebViewTrainingTests;
			productReference = 213475451A8F051B00B841D7 /* WebViewTrainingTests.xctest */;
			productType = "com.apple.product-type.bundle.unit-test";
		};
/* End PBXNativeTarget section */

/* Begin PBXProject section */
		213475281A8F051B00B841D7 /* Project object */ = {
			isa = PBXProject;
			attributes = {
				LastUpgradeCheck = 0610;
				ORGANIZATIONNAME = "R4HS Inc.";
				TargetAttributes = {
					2134752F1A8F051B00B841D7 = {
						CreatedOnToolsVersion = 6.1.1;
					};
					213475441A8F051B00B841D7 = {
						CreatedOnToolsVersion = 6.1.1;
						TestTargetID = 2134752F1A8F051B00B841D7;
					};
				};
			};
			buildConfigurationList = 2134752B1A8F051B00B841D7 /* Build configuration list for PBXProject "WebViewTraining" */;
			compatibilityVersion = "Xcode 3.2";
			developmentRegion = English;
			hasScannedForEncodings = 0;
			knownRegions = (
				en,
				Base,
			);
			mainGroup = 213475271A8F051B00B841D7;
			productRefGroup = 213475311A8F051B00B841D7 /* Products */;
			projectDirPath = "";
			projectRoot = "";
			targets = (
				2134752F1A8F051B00B841D7 /* WebViewTraining */,
				213475441A8F051B00B841D7 /* WebViewTrainingTests */,
			);
		};
/* End PBXProject section */

/* Begin PBXResourcesBuildPhase section */
		2134752E1A8F051B00B841D7 /* Resources */ = {
			isa = PBXResourcesBuildPhase;
			buildActionMask = 2147483647;
			files = (
				2134753B1A8F051B00B841D7 /* Main.storyboard in Resources */,
				213475401A8F051B00B841D7 /* LaunchScreen.xib in Resources */,
				2134753D1A8F051B00B841D7 /* Images.xcassets in Resources */,
			);
			runOnlyForDeploymentPostprocessing = 0;
		};
		213475431A8F051B00B841D7 /* Resources */ = {
			isa = PBXResourcesBuildPhase;
			buildActionMask = 2147483647;
			files = (
			);
			runOnlyForDeploymentPostprocessing = 0;
		};
/* End PBXResourcesBuildPhase section */

/* Begin PBXSourcesBuildPhase section */
		2134752C1A8F051B00B841D7 /* Sources */ = {
			isa = PBXSourcesBuildPhase;
			buildActionMask = 2147483647;
			files = (
				213475381A8F051B00B841D7 /* ViewController.swift in Sources */,
				213475361A8F051B00B841D7 /* AppDelegate.swift in Sources */,
			);
			runOnlyForDeploymentPostprocessing = 0;
		};
		213475411A8F051B00B841D7 /* Sources */ = {
			isa = PBXSourcesBuildPhase;
			buildActionMask = 2147483647;
			files = (
				2134754C1A8F051B00B841D7 /* WebViewTrainingTests.swift in Sources */,
			);
			runOnlyForDeploymentPostprocessing = 0;
		};
/* End PBXSourcesBuildPhase section */

/* Begin PBXTargetDependency section */
		213475471A8F051B00B841D7 /* PBXTargetDependency */ = {
			isa = PBXTargetDependency;
			target = 2134752F1A8F051B00B841D7 /* WebViewTraining */;
			targetProxy = 213475461A8F051B00B841D7 /* PBXContainerItemProxy */;
		};
/* End PBXTargetDependency section */

/* Begin PBXVariantGroup section */
		213475391A8F051B00B841D7 /* Main.storyboard */ = {
			isa = PBXVariantGroup;
			children = (
				2134753A1A8F051B00B841D7 /* Base */,
			);
			name = Main.storyboard;
			sourceTree = "<group>";
		};
		2134753E1A8F051B00B841D7 /* LaunchScreen.xib */ = {
			isa = PBXVariantGroup;
			children = (
				2134753F1A8F051B00B841D7 /* Base */,
			);
			name = LaunchScreen.xib;
			sourceTree = "<group>";
		};
/* End PBXVariantGroup section */

/* Begin XCBuildConfiguration section */
		2134754D1A8F051B00B841D7 /* Debug */ = {
			isa = XCBuildConfiguration;
			buildSettings = {
				ALWAYS_SEARCH_USER_PATHS = NO;
				CLANG_CXX_LANGUAGE_STANDARD = "gnu++0x";
				CLANG_CXX_LIBRARY = "libc++";
				CLANG_ENABLE_MODULES = YES;
				CLANG_ENABLE_OBJC_ARC = YES;
				CLANG_WARN_BOOL_CONVERSION = YES;
				CLANG_WARN_CONSTANT_CONVERSION = YES;
				CLANG_WARN_DIRECT_OBJC_ISA_USAGE = YES_ERROR;
				CLANG_WARN_EMPTY_BODY = YES;
				CLANG_WARN_ENUM_CONVERSION = YES;
				CLANG_WARN_INT_CONVERSION = YES;
				CLANG_WARN_OBJC_ROOT_CLASS = YES_ERROR;
				CLANG_WARN_UNREACHABLE_CODE = YES;
				CLANG_WARN__DUPLICATE_METHOD_MATCH = YES;
				"CODE_SIGN_IDENTITY[sdk=iphoneos*]" = "iPhone Developer";
				COPY_PHASE_STRIP = NO;
				ENABLE_STRICT_OBJC_MSGSEND = YES;
				GCC_C_LANGUAGE_STANDARD = gnu99;
				GCC_DYNAMIC_NO_PIC = NO;
				GCC_OPTIMIZATION_LEVEL = 0;
				GCC_PREPROCESSOR_DEFINITIONS = (
					"DEBUG=1",
					"$(inherited)",
				);
				GCC_SYMBOLS_PRIVATE_EXTERN = NO;
				GCC_WARN_64_TO_32_BIT_CONVERSION = YES;
				GCC_WARN_ABOUT_RETURN_TYPE = YES_ERROR;
				GCC_WARN_UNDECLARED_SELECTOR = YES;
				GCC_WARN_UNINITIALIZED_AUTOS = YES_AGGRESSIVE;
				GCC_WARN_UNUSED_FUNCTION = YES;
				GCC_WARN_UNUSED_VARIABLE = YES;
				IPHONEOS_DEPLOYMENT_TARGET = 8.1;
				MTL_ENABLE_DEBUG_INFO = YES;
				ONLY_ACTIVE_ARCH = YES;
				SDKROOT = iphoneos;
				SWIFT_OPTIMIZATION_LEVEL = "-Onone";
				TARGETED_DEVICE_FAMILY = "1,2";
			};
			name = Debug;
		};
		2134754E1A8F051B00B841D7 /* Release */ = {
			isa = XCBuildConfiguration;
			buildSettings = {
				ALWAYS_SEARCH_USER_PATHS = NO;
				CLANG_CXX_LANGUAGE_STANDARD = "gnu++0x";
				CLANG_CXX_LIBRARY = "libc++";
				CLANG_ENABLE_MODULES = YES;
				CLANG_ENABLE_OBJC_ARC = YES;
				CLANG_WARN_BOOL_CONVERSION = YES;
				CLANG_WARN_CONSTANT_CONVERSION = YES;
				CLANG_WARN_DIRECT_OBJC_ISA_USAGE = YES_ERROR;
				CLANG_WARN_EMPTY_BODY = YES;
				CLANG_WARN_ENUM_CONVERSION = YES;
				CLANG_WARN_INT_CONVERSION = YES;
				CLANG_WARN_OBJC_ROOT_CLASS = YES_ERROR;
				CLANG_WARN_UNREACHABLE_CODE = YES;
				CLANG_WARN__DUPLICATE_METHOD_MATCH = YES;
				"CODE_SIGN_IDENTITY[sdk=iphoneos*]" = "iPhone Developer";
				COPY_PHASE_STRIP = YES;
				ENABLE_NS_ASSERTIONS = NO;
				ENABLE_STRICT_OBJC_MSGSEND = YES;
				GCC_C_LANGUAGE_STANDARD = gnu99;
				GCC_WARN_64_TO_32_BIT_CONVERSION = YES;
				GCC_WARN_ABOUT_RETURN_TYPE = YES_ERROR;
				GCC_WARN_UNDECLARED_SELECTOR = YES;
				GCC_WARN_UNINITIALIZED_AUTOS = YES_AGGRESSIVE;
				GCC_WARN_UNUSED_FUNCTION = YES;
				GCC_WARN_UNUSED_VARIABLE = YES;
				IPHONEOS_DEPLOYMENT_TARGET = 8.1;
				MTL_ENABLE_DEBUG_INFO = NO;
				SDKROOT = iphoneos;
				TARGETED_DEVICE_FAMILY = "1,2";
				VALIDATE_PRODUCT = YES;
			};
			name = Release;
		};
		213475501A8F051B00B841D7 /* Debug */ = {
			isa = XCBuildConfiguration;
			buildSettings = {
				ASSETCATALOG_COMPILER_APPICON_NAME = AppIcon;
				INFOPLIST_FILE = WebViewTraining/Info.plist;
				LD_RUNPATH_SEARCH_PATHS = "$(inherited) @executable_path/Frameworks";
				PRODUCT_NAME = "$(TARGET_NAME)";
			};
			name = Debug;
		};
		213475511A8F051B00B841D7 /* Release */ = {
			isa = XCBuildConfiguration;
			buildSettings = {
				ASSETCATALOG_COMPILER_APPICON_NAME = AppIcon;
				INFOPLIST_FILE = WebViewTraining/Info.plist;
				LD_RUNPATH_SEARCH_PATHS = "$(inherited) @executable_path/Frameworks";
				PRODUCT_NAME = "$(TARGET_NAME)";
			};
			name = Release;
		};
		213475531A8F051B00B841D7 /* Debug */ = {
			isa = XCBuildConfiguration;
			buildSettings = {
				BUNDLE_LOADER = "$(TEST_HOST)";
				FRAMEWORK_SEARCH_PATHS = (
					"$(SDKROOT)/Developer/Library/Frameworks",
					"$(inherited)",
				);
				GCC_PREPROCESSOR_DEFINITIONS = (
					"DEBUG=1",
					"$(inherited)",
				);
				INFOPLIST_FILE = WebViewTrainingTests/Info.plist;
				LD_RUNPATH_SEARCH_PATHS = "$(inherited) @executable_path/Frameworks @loader_path/Frameworks";
				PRODUCT_NAME = "$(TARGET_NAME)";
				TEST_HOST = "$(BUILT_PRODUCTS_DIR)/WebViewTraining.app/WebViewTraining";
			};
			name = Debug;
		};
		213475541A8F051B00B841D7 /* Release */ = {
			isa = XCBuildConfiguration;
			buildSettings = {
				BUNDLE_LOADER = "$(TEST_HOST)";
				FRAMEWORK_SEARCH_PATHS = (
					"$(SDKROOT)/Developer/Library/Frameworks",
					"$(inherited)",
				);
				INFOPLIST_FILE = WebViewTrainingTests/Info.plist;
				LD_RUNPATH_SEARCH_PATHS = "$(inherited) @executable_path/Frameworks @loader_path/Frameworks";
				PRODUCT_NAME = "$(TARGET_NAME)";
				TEST_HOST = "$(BUILT_PRODUCTS_DIR)/WebViewTraining.app/WebViewTraining";
			};
			name = Release;
		};
/* End XCBuildConfiguration section */

/* Begin XCConfigurationList section */
		2134752B1A8F051B00B841D7 /* Build configuration list for PBXProject "WebViewTraining" */ = {
			isa = XCConfigurationList;
			buildConfigurations = (
				2134754D1A8F051B00B841D7 /* Debug */,
				2134754E1A8F051B00B841D7 /* Release */,
			);
			defaultConfigurationIsVisible = 0;
			defaultConfigurationName = Release;
		};
		2134754F1A8F051B00B841D7 /* Build configuration list for PBXNativeTarget "WebViewTraining" */ = {
			isa = XCConfigurationList;
			buildConfigurations = (
				213475501A8F051B00B841D7 /* Debug */,
				213475511A8F051B00B841D7 /* Release */,
			);
			defaultConfigurationIsVisible = 0;
		};
		213475521A8F051B00B841D7 /* Build configuration list for PBXNativeTarget "WebViewTrainingTests" */ = {
			isa = XCConfigurationList;
			buildConfigurations = (
				213475531A8F051B00B841D7 /* Debug */,
				213475541A8F051B00B841D7 /* Release */,
			);
			defaultConfigurationIsVisible = 0;
		};
/* End XCConfigurationList section */
	};
	rootObject = 213475281A8F051B00B841D7 /* Project object */;
}
